
Microsoft Visual Studio Solution File, Format Version 12.00
# Visual Studio Version 17
VisualStudioVersion = 17.7.34024.191
MinimumVisualStudioVersion = 10.0.40219.1
Project("{2150E333-8FDC-42A3-9474-1A3956D46DE8}") = "Task0", "Task0", "{1B5E7DED-6EBE-42C5-8CDD-AAA59C1FE61C}"
EndProject
Project("{FAE04EC0-301F-11D3-BF4B-00C04F79EFBC}") = "Tyuiu.SpirinAA.Sprint0.Task0.V0", "Tyuiu.SpirinAA.Sprint0.Task0.V0\Tyuiu.SpirinAA.Sprint0.Task0.V0.csproj", "{E72D4484-4FEF-4F9E-862D-C4BB8B0268A2}"
EndProject
Project("{2150E333-8FDC-42A3-9474-1A3956D46DE8}") = "Task1", "Task1", "{87EECFE3-A58C-47B3-BC7F-6165DF2A35B1}"
EndProject
Project("{FAE04EC0-301F-11D3-BF4B-00C04F79EFBC}") = "Tyuiu.SpirinAA.Sprint0.Task1.V0", "Tyuiu.SpirinAA.Sprint0.Task1.V0\Tyuiu.SpirinAA.Sprint0.Task1.V0.csproj", "{6FDC6DAC-ADE0-46FB-BF72-AF8748940692}"
EndProject
Project("{2150E333-8FDC-42A3-9474-1A3956D46DE8}") = "Task2", "Task2", "{F7175AD2-E358-4C2A-AA4E-1F6E8F1A61B8}"
EndProject
Project("{FAE04EC0-301F-11D3-BF4B-00C04F79EFBC}") = "Tyuiu.SpirinAA.Sprint0.Task2.V0", "Tyuiu.SpirinAA.Sprint0.Task2.V0\Tyuiu.SpirinAA.Sprint0.Task2.V0.csproj", "{A4386E6C-DD79-4C7F-A63D-F87FF0235760}"
EndProject
Project("{FAE04EC0-301F-11D3-BF4B-00C04F79EFBC}") = "Tyuiu.SpirinAA.Sprint0.Task2.V0.Lib", "Tyuiu.SpirinAA.Sprint0.Task2.V0.Lib\Tyuiu.SpirinAA.Sprint0.Task2.V0.Lib.csproj", "{2ECB58A8-5C39-4B51-84D2-4406F2B48F3E}"
EndProject
Project("{FAE04EC0-301F-11D3-BF4B-00C04F79EFBC}") = "Tyuiu.SpirinAA.Sprint0.Task2.V0.Test", "Tyuiu.SpirinAA.Sprint0.Task2.V0.Test\Tyuiu.SpirinAA.Sprint0.Task2.V0.Test.csproj", "{E023456D-8D8A-4F93-BA60-02D31585ADF1}"
EndProject
Project("{2150E333-8FDC-42A3-9474-1A3956D46DE8}") = "Task3", "Task3", "{3E830A8F-09FC-4439-B8E0-CD19A81F92D1}"
EndProject
Project("{FAE04EC0-301F-11D3-BF4B-00C04F79EFBC}") = "Tyuiu.SpirinAA.Sprint0.Task3.V0", "Tyuiu.SpirinAA.Sprint0.Task3.V0\Tyuiu.SpirinAA.Sprint0.Task3.V0.csproj", "{FD6913E7-1D1F-4D49-BE38-725D9EB28536}"
EndProject
Project("{FAE04EC0-301F-11D3-BF4B-00C04F79EFBC}") = "Tyuiu.SpirinAA.Sprint0.Task3.V0.Lib", "Tyuiu.SpirinAA.Sprint0.Task3.V0.Lib\Tyuiu.SpirinAA.Sprint0.Task3.V0.Lib.csproj", "{49097751-CA7B-4DFA-9513-875E3122E448}"
EndProject
Project("{FAE04EC0-301F-11D3-BF4B-00C04F79EFBC}") = "Tyuiu.SpirinAA.Sprint0.Task3.V0.Test", "Tyuiu.SpirinAA.Sprint0.Task3.V0.Test\Tyuiu.SpirinAA.Sprint0.Task3.V0.Test.csproj", "{4DC208B6-F58A-4D16-9C62-B4C58F8F895D}"
EndProject
Project("{2150E333-8FDC-42A3-9474-1A3956D46DE8}") = "Task4", "Task4", "{D7A58188-6118-45FF-9C68-DF655FA8DDA7}"
EndProject
Project("{FAE04EC0-301F-11D3-BF4B-00C04F79EFBC}") = "Tyuiu.SpirinAA.Sprint0.Task4.V0", "Tyuiu.SpirinAA.Sprint0.Task4.V0\Tyuiu.SpirinAA.Sprint0.Task4.V0.csproj", "{6E9D7790-EBA6-44B5-89D0-C3386B26C6F5}"
EndProject
Project("{FAE04EC0-301F-11D3-BF4B-00C04F79EFBC}") = "Tyuiu.SpirinAA.Sprint0.Task4.V0.Lib", "Tyuiu.SpirinAA.Sprint0.Task4.V0.Lib\Tyuiu.SpirinAA.Sprint0.Task4.V0.Lib.csproj", "{2C46AA9D-F0F5-4C43-A77F-CC6B79A7D993}"
EndProject
Project("{FAE04EC0-301F-11D3-BF4B-00C04F79EFBC}") = "Tyuiu.SpirinAA.Sprint0.Task4.V0.Test", "Tyuiu.SpirinAA.Sprint0.Task4.V0.Test\Tyuiu.SpirinAA.Sprint0.Task4.V0.Test.csproj", "{295C4E83-402C-448F-8BC9-C1D7FCF0EEFC}"
EndProject
Global
	GlobalSection(SolutionConfigurationPlatforms) = preSolution
		Debug|Any CPU = Debug|Any CPU
		Release|Any CPU = Release|Any CPU
	EndGlobalSection
	GlobalSection(ProjectConfigurationPlatforms) = postSolution
		{E72D4484-4FEF-4F9E-862D-C4BB8B0268A2}.Debug|Any CPU.ActiveCfg = Debug|Any CPU
		{E72D4484-4FEF-4F9E-862D-C4BB8B0268A2}.Debug|Any CPU.Build.0 = Debug|Any CPU
		{E72D4484-4FEF-4F9E-862D-C4BB8B0268A2}.Release|Any CPU.ActiveCfg = Release|Any CPU
		{E72D4484-4FEF-4F9E-862D-C4BB8B0268A2}.Release|Any CPU.Build.0 = Release|Any CPU
		{6FDC6DAC-ADE0-46FB-BF72-AF8748940692}.Debug|Any CPU.ActiveCfg = Debug|Any CPU
		{6FDC6DAC-ADE0-46FB-BF72-AF8748940692}.Debug|Any CPU.Build.0 = Debug|Any CPU
		{6FDC6DAC-ADE0-46FB-BF72-AF8748940692}.Release|Any CPU.ActiveCfg = Release|Any CPU
		{6FDC6DAC-ADE0-46FB-BF72-AF8748940692}.Release|Any CPU.Build.0 = Release|Any CPU
		{A4386E6C-DD79-4C7F-A63D-F87FF0235760}.Debug|Any CPU.ActiveCfg = Debug|Any CPU
		{A4386E6C-DD79-4C7F-A63D-F87FF0235760}.Debug|Any CPU.Build.0 = Debug|Any CPU
		{A4386E6C-DD79-4C7F-A63D-F87FF0235760}.Release|Any CPU.ActiveCfg = Release|Any CPU
		{A4386E6C-DD79-4C7F-A63D-F87FF0235760}.Release|Any CPU.Build.0 = Release|Any CPU
		{2ECB58A8-5C39-4B51-84D2-4406F2B48F3E}.Debug|Any CPU.ActiveCfg = Debug|Any CPU
		{2ECB58A8-5C39-4B51-84D2-4406F2B48F3E}.Debug|Any CPU.Build.0 = Debug|Any CPU
		{2ECB58A8-5C39-4B51-84D2-4406F2B48F3E}.Release|Any CPU.ActiveCfg = Release|Any CPU
		{2ECB58A8-5C39-4B51-84D2-4406F2B48F3E}.Release|Any CPU.Build.0 = Release|Any CPU
		{E023456D-8D8A-4F93-BA60-02D31585ADF1}.Debug|Any CPU.ActiveCfg = Debug|Any CPU
		{E023456D-8D8A-4F93-BA60-02D31585ADF1}.Debug|Any CPU.Build.0 = Debug|Any CPU
		{E023456D-8D8A-4F93-BA60-02D31585ADF1}.Release|Any CPU.ActiveCfg = Release|Any CPU
		{E023456D-8D8A-4F93-BA60-02D31585ADF1}.Release|Any CPU.Build.0 = Release|Any CPU
		{FD6913E7-1D1F-4D49-BE38-725D9EB28536}.Debug|Any CPU.ActiveCfg = Debug|Any CPU
		{FD6913E7-1D1F-4D49-BE38-725D9EB28536}.Debug|Any CPU.Build.0 = Debug|Any CPU
		{FD6913E7-1D1F-4D49-BE38-725D9EB28536}.Release|Any CPU.ActiveCfg = Release|Any CPU
		{FD6913E7-1D1F-4D49-BE38-725D9EB28536}.Release|Any CPU.Build.0 = Release|Any CPU
		{49097751-CA7B-4DFA-9513-875E3122E448}.Debug|Any CPU.ActiveCfg = Debug|Any CPU
		{49097751-CA7B-4DFA-9513-875E3122E448}.Debug|Any CPU.Build.0 = Debug|Any CPU
		{49097751-CA7B-4DFA-9513-875E3122E448}.Release|Any CPU.ActiveCfg = Release|Any CPU
		{49097751-CA7B-4DFA-9513-875E3122E448}.Release|Any CPU.Build.0 = Release|Any CPU
		{4DC208B6-F58A-4D16-9C62-B4C58F8F895D}.Debug|Any CPU.ActiveCfg = Debug|Any CPU
		{4DC208B6-F58A-4D16-9C62-B4C58F8F895D}.Debug|Any CPU.Build.0 = Debug|Any CPU
		{4DC208B6-F58A-4D16-9C62-B4C58F8F895D}.Release|Any CPU.ActiveCfg = Release|Any CPU
		{4DC208B6-F58A-4D16-9C62-B4C58F8F895D}.Release|Any CPU.Build.0 = Release|Any CPU
		{6E9D7790-EBA6-44B5-89D0-C3386B26C6F5}.Debug|Any CPU.ActiveCfg = Debug|Any CPU
		{6E9D7790-EBA6-44B5-89D0-C3386B26C6F5}.Debug|Any CPU.Build.0 = Debug|Any CPU
		{6E9D7790-EBA6-44B5-89D0-C3386B26C6F5}.Release|Any CPU.ActiveCfg = Release|Any CPU
		{6E9D7790-EBA6-44B5-89D0-C3386B26C6F5}.Release|Any CPU.Build.0 = Release|Any CPU
		{2C46AA9D-F0F5-4C43-A77F-CC6B79A7D993}.Debug|Any CPU.ActiveCfg = Debug|Any CPU
		{2C46AA9D-F0F5-4C43-A77F-CC6B79A7D993}.Debug|Any CPU.Build.0 = Debug|Any CPU
		{2C46AA9D-F0F5-4C43-A77F-CC6B79A7D993}.Release|Any CPU.ActiveCfg = Release|Any CPU
		{2C46AA9D-F0F5-4C43-A77F-CC6B79A7D993}.Release|Any CPU.Build.0 = Release|Any CPU
		{295C4E83-402C-448F-8BC9-C1D7FCF0EEFC}.Debug|Any CPU.ActiveCfg = Debug|Any CPU
		{295C4E83-402C-448F-8BC9-C1D7FCF0EEFC}.Debug|Any CPU.Build.0 = Debug|Any CPU
		{295C4E83-402C-448F-8BC9-C1D7FCF0EEFC}.Release|Any CPU.ActiveCfg = Release|Any CPU
		{295C4E83-402C-448F-8BC9-C1D7FCF0EEFC}.Release|Any CPU.Build.0 = Release|Any CPU
	EndGlobalSection
	GlobalSection(SolutionProperties) = preSolution
		HideSolutionNode = FALSE
	EndGlobalSection
	GlobalSection(NestedProjects) = preSolution
		{E72D4484-4FEF-4F9E-862D-C4BB8B0268A2} = {1B5E7DED-6EBE-42C5-8CDD-AAA59C1FE61C}
		{6FDC6DAC-ADE0-46FB-BF72-AF8748940692} = {87EECFE3-A58C-47B3-BC7F-6165DF2A35B1}
		{A4386E6C-DD79-4C7F-A63D-F87FF0235760} = {F7175AD2-E358-4C2A-AA4E-1F6E8F1A61B8}
		{2ECB58A8-5C39-4B51-84D2-4406F2B48F3E} = {F7175AD2-E358-4C2A-AA4E-1F6E8F1A61B8}
		{E023456D-8D8A-4F93-BA60-02D31585ADF1} = {F7175AD2-E358-4C2A-AA4E-1F6E8F1A61B8}
		{FD6913E7-1D1F-4D49-BE38-725D9EB28536} = {3E830A8F-09FC-4439-B8E0-CD19A81F92D1}
		{49097751-CA7B-4DFA-9513-875E3122E448} = {3E830A8F-09FC-4439-B8E0-CD19A81F92D1}
		{4DC208B6-F58A-4D16-9C62-B4C58F8F895D} = {3E830A8F-09FC-4439-B8E0-CD19A81F92D1}
		{6E9D7790-EBA6-44B5-89D0-C3386B26C6F5} = {D7A58188-6118-45FF-9C68-DF655FA8DDA7}
		{2C46AA9D-F0F5-4C43-A77F-CC6B79A7D993} = {D7A58188-6118-45FF-9C68-DF655FA8DDA7}
		{295C4E83-402C-448F-8BC9-C1D7FCF0EEFC} = {D7A58188-6118-45FF-9C68-DF655FA8DDA7}
	EndGlobalSection
	GlobalSection(ExtensibilityGlobals) = postSolution
		SolutionGuid = {6C4890BC-4F2C-4340-A523-DE6F3E3DBE12}
	EndGlobalSection
EndGlobal
